
Microsoft Visual Studio Solution File, Format Version 12.00
# Visual Studio 15
Project("{FAE04EC0-301F-11D3-BF4B-00C04F79EFBC}") = "s1", "s1.csproj", "{A15743D4-6C90-3A5A-62F0-BFF5E6644997}"
EndProject
Global
	GlobalSection(SolutionConfigurationPlatforms) = preSolution
		Debug|Any CPU = Debug|Any CPU
		Release|Any CPU = Release|Any CPU
	EndGlobalSection
	GlobalSection(ProjectConfigurationPlatforms) = postSolution
		{A15743D4-6C90-3A5A-62F0-BFF5E6644997}.Debug|Any CPU.ActiveCfg = Debug|Any CPU
		{A15743D4-6C90-3A5A-62F0-BFF5E6644997}.Debug|Any CPU.Build.0 = Debug|Any CPU
		{A15743D4-6C90-3A5A-62F0-BFF5E6644997}.Release|Any CPU.ActiveCfg = Release|Any CPU
		{A15743D4-6C90-3A5A-62F0-BFF5E6644997}.Release|Any CPU.Build.0 = Release|Any CPU
	EndGlobalSection
	GlobalSection(SolutionProperties) = preSolution
		HideSolutionNode = FALSE
	EndGlobalSection
EndGlobal
