
Microsoft Visual Studio Solution File, Format Version 12.00
# Visual Studio 15
Project("{FAE04EC0-301F-11D3-BF4B-00C04F79EFBC}") = "dazhiji", "dazhiji.csproj", "{079749D9-64CB-B075-C481-1E9769024784}"
EndProject
Global
	GlobalSection(SolutionConfigurationPlatforms) = preSolution
		Debug|Any CPU = Debug|Any CPU
		Release|Any CPU = Release|Any CPU
	EndGlobalSection
	GlobalSection(ProjectConfigurationPlatforms) = postSolution
		{079749D9-64CB-B075-C481-1E9769024784}.Debug|Any CPU.ActiveCfg = Debug|Any CPU
		{079749D9-64CB-B075-C481-1E9769024784}.Debug|Any CPU.Build.0 = Debug|Any CPU
		{079749D9-64CB-B075-C481-1E9769024784}.Release|Any CPU.ActiveCfg = Release|Any CPU
		{079749D9-64CB-B075-C481-1E9769024784}.Release|Any CPU.Build.0 = Release|Any CPU
	EndGlobalSection
	GlobalSection(SolutionProperties) = preSolution
		HideSolutionNode = FALSE
	EndGlobalSection
EndGlobal
